
Microsoft Visual Studio Solution File, Format Version 11.00
# Visual Studio 2010
Project("{FAE04EC0-301F-11D3-BF4B-00C04F79EFBC}") = "Mass Effect 2 TLK Tool", "Mass Effect 2 TLK Tool\Mass Effect 2 TLK Tool.csproj", "{1709F6E3-F54D-482F-84F4-CA0A42FD1ADA}"
EndProject
Global
	GlobalSection(SolutionConfigurationPlatforms) = preSolution
		Debug|Any CPU = Debug|Any CPU
		Release|Any CPU = Release|Any CPU
	EndGlobalSection
	GlobalSection(ProjectConfigurationPlatforms) = postSolution
		{1709F6E3-F54D-482F-84F4-CA0A42FD1ADA}.Debug|Any CPU.ActiveCfg = Debug|Any CPU
		{1709F6E3-F54D-482F-84F4-CA0A42FD1ADA}.Debug|Any CPU.Build.0 = Debug|Any CPU
		{1709F6E3-F54D-482F-84F4-CA0A42FD1ADA}.Release|Any CPU.ActiveCfg = Release|Any CPU
		{1709F6E3-F54D-482F-84F4-CA0A42FD1ADA}.Release|Any CPU.Build.0 = Release|Any CPU
	EndGlobalSection
	GlobalSection(SolutionProperties) = preSolution
		HideSolutionNode = FALSE
	EndGlobalSection
EndGlobal
